
Microsoft Visual Studio Solution File, Format Version 12.00
# Visual Studio 15
VisualStudioVersion = 15.0.28307.960
MinimumVisualStudioVersion = 10.0.40219.1
Project("{FAE04EC0-301F-11D3-BF4B-00C04F79EFBC}") = "ReadTextFile", "ReadTextFile\ReadTextFile.csproj", "{C5927270-72EA-48C3-8A59-2DAC2106C008}"
EndProject
Project("{FAE04EC0-301F-11D3-BF4B-00C04F79EFBC}") = "ReadTextFile.Tests", "ReadTextFile.Tests\ReadTextFile.Tests.csproj", "{C7A4A55C-D627-4027-96E9-D93ED317C6C7}"
EndProject
Global
	GlobalSection(SolutionConfigurationPlatforms) = preSolution
		Debug|Any CPU = Debug|Any CPU
		Release|Any CPU = Release|Any CPU
	EndGlobalSection
        GlobalSection(ProjectConfigurationPlatforms) = postSolution
                {C5927270-72EA-48C3-8A59-2DAC2106C008}.Debug|Any CPU.ActiveCfg = Debug|Any CPU
                {C5927270-72EA-48C3-8A59-2DAC2106C008}.Debug|Any CPU.Build.0 = Debug|Any CPU
                {C5927270-72EA-48C3-8A59-2DAC2106C008}.Release|Any CPU.ActiveCfg = Release|Any CPU
                {C5927270-72EA-48C3-8A59-2DAC2106C008}.Release|Any CPU.Build.0 = Release|Any CPU
                {C7A4A55C-D627-4027-96E9-D93ED317C6C7}.Debug|Any CPU.ActiveCfg = Debug|Any CPU
                {C7A4A55C-D627-4027-96E9-D93ED317C6C7}.Debug|Any CPU.Build.0 = Debug|Any CPU
                {C7A4A55C-D627-4027-96E9-D93ED317C6C7}.Release|Any CPU.ActiveCfg = Release|Any CPU
                {C7A4A55C-D627-4027-96E9-D93ED317C6C7}.Release|Any CPU.Build.0 = Release|Any CPU
        EndGlobalSection
	GlobalSection(SolutionProperties) = preSolution
		HideSolutionNode = FALSE
	EndGlobalSection
	GlobalSection(ExtensibilityGlobals) = postSolution
		SolutionGuid = {37CC6C7C-FDB7-4201-A43C-C5BDB904BDDB}
	EndGlobalSection
EndGlobal
